
Microsoft Visual Studio Solution File, Format Version 12.00
# Visual Studio Version 16
VisualStudioVersion = 16.0.31424.327
MinimumVisualStudioVersion = 10.0.40219.1
Project("{FAE04EC0-301F-11D3-BF4B-00C04F79EFBC}") = "CodeFirstWithRepositoryPattern", "CodeFirstWithRepositoryPattern\CodeFirstWithRepositoryPattern.csproj", "{8838CD7C-A556-4FB2-972E-A7A16244A092}"
EndProject
Global
	GlobalSection(SolutionConfigurationPlatforms) = preSolution
		Debug|Any CPU = Debug|Any CPU
		Release|Any CPU = Release|Any CPU
	EndGlobalSection
	GlobalSection(ProjectConfigurationPlatforms) = postSolution
		{8838CD7C-A556-4FB2-972E-A7A16244A092}.Debug|Any CPU.ActiveCfg = Debug|Any CPU
		{8838CD7C-A556-4FB2-972E-A7A16244A092}.Debug|Any CPU.Build.0 = Debug|Any CPU
		{8838CD7C-A556-4FB2-972E-A7A16244A092}.Release|Any CPU.ActiveCfg = Release|Any CPU
		{8838CD7C-A556-4FB2-972E-A7A16244A092}.Release|Any CPU.Build.0 = Release|Any CPU
	EndGlobalSection
	GlobalSection(SolutionProperties) = preSolution
		HideSolutionNode = FALSE
	EndGlobalSection
	GlobalSection(ExtensibilityGlobals) = postSolution
		SolutionGuid = {E9F64721-617A-450B-8471-3FC0A7F36962}
	EndGlobalSection
EndGlobal
